<?xml version="1.0" encoding="utf-8"?>
<Project ToolsVersion="4.0" xmlns="http://schemas.microsoft.com/developer/msbuild/2003">
  <ItemGroup>
    <Filter Include="Source Files">
      <UniqueIdentifier>{4FC737F1-C7A5-4376-A066-2A32D752A2FF}</UniqueIdentifier>
      <Extensions>cpp;c;cc;cxx;c++;cppm;ixx;def;odl;idl;hpj;bat;asm;asmx</Extensions>
    </Filter>
    <Filter Include="Header Files">
      <UniqueIdentifier>{93995380-89BD-4b04-88EB-625FBE52EBFB}</UniqueIdentifier>
      <Extensions>h;hh;hpp;hxx;h++;hm;inl;inc;ipp;xsd</Extensions>
    </Filter>
    <Filter Include="Resource Files">
      <UniqueIdentifier>{67DA6AB6-F800-4c08-8B7A-83BB121AAD01}</UniqueIdentifier>
      <Extensions>rc;ico;cur;bmp;dlg;rc2;rct;bin;rgs;gif;jpg;jpeg;jpe;resx;tiff;tif;png;wav;mfcribbon-ms</Extensions>
    </Filter>
    <Filter Include="Interface">
      <UniqueIdentifier>{624ab147-12ff-498f-be88-9c2aad7e332e}</UniqueIdentifier>
    </Filter>
    <Filter Include="Renderer">
      <UniqueIdentifier>{83a2594c-f1eb-4e28-aa34-c4506c30d5cb}</UniqueIdentifier>
    </Filter>
    <Filter Include="Texture">
      <UniqueIdentifier>{355fd19f-2c7a-487e-9131-52b73a785599}</UniqueIdentifier>
    </Filter>
    <Filter Include="Vertex">
      <UniqueIdentifier>{0ed8c583-8a4c-4880-8a9a-34008fb944f3}</UniqueIdentifier>
    </Filter>
    <Filter Include="Shader">
      <UniqueIdentifier>{8fd3cafb-02e3-4182-bb44-75d457c1e585}</UniqueIdentifier>
    </Filter>
    <Filter Include="Layout">
      <UniqueIdentifier>{ba450422-08f9-4f3e-8f8c-5ead2d7c593d}</UniqueIdentifier>
    </Filter>
    <Filter Include="Sampler">
      <UniqueIdentifier>{3e520e6a-2e93-40da-b666-72fd887ce336}</UniqueIdentifier>
    </Filter>
    <Filter Include="Material">
      <UniqueIdentifier>{dc407cad-2f15-416e-b0e8-09a8d4dfcd0e}</UniqueIdentifier>
    </Filter>
    <Filter Include="Constant">
      <UniqueIdentifier>{7ed68585-ef4b-4907-b5ce-3547663c25be}</UniqueIdentifier>
    </Filter>
    <Filter Include="Rasterizer">
      <UniqueIdentifier>{e51a9c8e-0790-4bc3-9207-246c939ff0c3}</UniqueIdentifier>
    </Filter>
  </ItemGroup>
  <ItemGroup>
    <ClCompile Include="stdafx.cpp">
      <Filter>Source Files</Filter>
    </ClCompile>
    <ClCompile Include="dllmain.cpp">
      <Filter>Source Files</Filter>
    </ClCompile>
    <ClCompile Include="D3D11Renderer.cpp">
      <Filter>Renderer</Filter>
    </ClCompile>
    <ClCompile Include="Texture.cpp">
      <Filter>Texture</Filter>
    </ClCompile>
    <ClCompile Include="RenderTarget.cpp">
      <Filter>Texture</Filter>
    </ClCompile>
    <ClCompile Include="VertexBuffer.cpp">
      <Filter>Vertex</Filter>
    </ClCompile>
    <ClCompile Include="Shader.cpp">
      <Filter>Shader</Filter>
    </ClCompile>
    <ClCompile Include="InputLayout.cpp">
      <Filter>Layout</Filter>
    </ClCompile>
    <ClCompile Include="SamplerState.cpp">
      <Filter>Sampler</Filter>
    </ClCompile>
    <ClCompile Include="Material.cpp">
      <Filter>Material</Filter>
    </ClCompile>
    <ClCompile Include="ConstantBuffer.cpp">
      <Filter>Constant</Filter>
    </ClCompile>
    <ClCompile Include="Rasterizer.cpp">
      <Filter>Rasterizer</Filter>
    </ClCompile>
  </ItemGroup>
  <ItemGroup>
    <ClInclude Include="stdafx.h">
      <Filter>Header Files</Filter>
    </ClInclude>
    <ClInclude Include="..\..\Interface\Renderer\IRenderer.h">
      <Filter>Interface</Filter>
    </ClInclude>
    <ClInclude Include="D3D11Renderer.h">
      <Filter>Renderer</Filter>
    </ClInclude>
    <ClInclude Include="Texture.h">
      <Filter>Texture</Filter>
    </ClInclude>
    <ClInclude Include="RenderTarget.h">
      <Filter>Texture</Filter>
    </ClInclude>
    <ClInclude Include="VertexBuffer.h">
      <Filter>Vertex</Filter>
    </ClInclude>
    <ClInclude Include="Shader.h">
      <Filter>Shader</Filter>
    </ClInclude>
    <ClInclude Include="InputLayout.h">
      <Filter>Layout</Filter>
    </ClInclude>
    <ClInclude Include="SamplerState.h">
      <Filter>Sampler</Filter>
    </ClInclude>
    <ClInclude Include="Material.h">
      <Filter>Material</Filter>
    </ClInclude>
    <ClInclude Include="ConstantBuffer.h">
      <Filter>Constant</Filter>
    </ClInclude>
    <ClInclude Include="Rasterizer.h">
      <Filter>Rasterizer</Filter>
    </ClInclude>
  </ItemGroup>
</Project>