<?xml version="1.0" encoding="utf-8"?>
<Project ToolsVersion="4.0" xmlns="http://schemas.microsoft.com/developer/msbuild/2003">
  <ItemGroup>
    <Filter Include="Source Files">
      <UniqueIdentifier>{4FC737F1-C7A5-4376-A066-2A32D752A2FF}</UniqueIdentifier>
      <Extensions>cpp;c;cc;cxx;c++;cppm;ixx;def;odl;idl;hpj;bat;asm;asmx</Extensions>
    </Filter>
    <Filter Include="Header Files">
      <UniqueIdentifier>{93995380-89BD-4b04-88EB-625FBE52EBFB}</UniqueIdentifier>
      <Extensions>h;hh;hpp;hxx;h++;hm;inl;inc;ipp;xsd</Extensions>
    </Filter>
    <Filter Include="Resource Files">
      <UniqueIdentifier>{67DA6AB6-F800-4c08-8B7A-83BB121AAD01}</UniqueIdentifier>
      <Extensions>rc;ico;cur;bmp;dlg;rc2;rct;bin;rgs;gif;jpg;jpeg;jpe;resx;tiff;tif;png;wav;mfcribbon-ms</Extensions>
    </Filter>
    <Filter Include="Engine">
      <UniqueIdentifier>{a80d11de-81a5-449f-8715-9c990244b120}</UniqueIdentifier>
    </Filter>
    <Filter Include="Manager">
      <UniqueIdentifier>{01ef193f-6510-4da8-9cbd-696ea8eaf011}</UniqueIdentifier>
    </Filter>
    <Filter Include="Shader">
      <UniqueIdentifier>{bbe5becd-16dc-4cfe-9697-68c4c58901b2}</UniqueIdentifier>
    </Filter>
    <Filter Include="Actor">
      <UniqueIdentifier>{055ab2b8-0f1d-4820-9ea1-7f5577568b46}</UniqueIdentifier>
    </Filter>
    <Filter Include="Actor\Component">
      <UniqueIdentifier>{1dc07a8d-fbe6-4e98-9904-9154c2bfeef4}</UniqueIdentifier>
    </Filter>
    <Filter Include="Shader\Merge">
      <UniqueIdentifier>{548352d2-a330-4b6e-9d7f-a606d76acc2e}</UniqueIdentifier>
    </Filter>
  </ItemGroup>
  <ItemGroup>
    <ClCompile Include="stdafx.cpp">
      <Filter>Source Files</Filter>
    </ClCompile>
    <ClCompile Include="dllmain.cpp">
      <Filter>Source Files</Filter>
    </ClCompile>
    <ClCompile Include="Engine.cpp">
      <Filter>Engine</Filter>
    </ClCompile>
    <ClCompile Include="Startup.cpp">
      <Filter>Engine</Filter>
    </ClCompile>
    <ClCompile Include="InputManager.cpp">
      <Filter>Manager</Filter>
    </ClCompile>
    <ClCompile Include="Test.cpp">
      <Filter>Source Files</Filter>
    </ClCompile>
    <ClCompile Include="Actor.cpp">
      <Filter>Actor</Filter>
    </ClCompile>
    <ClCompile Include="Renderer.cpp">
      <Filter>Actor\Component</Filter>
    </ClCompile>
    <ClCompile Include="Camera.cpp">
      <Filter>Actor</Filter>
    </ClCompile>
    <ClCompile Include="Transform.cpp">
      <Filter>Actor\Component</Filter>
    </ClCompile>
  </ItemGroup>
  <ItemGroup>
    <ClInclude Include="stdafx.h">
      <Filter>Header Files</Filter>
    </ClInclude>
    <ClInclude Include="Engine.h">
      <Filter>Engine</Filter>
    </ClInclude>
    <ClInclude Include="Startup.h">
      <Filter>Engine</Filter>
    </ClInclude>
    <ClInclude Include="InputManager.h">
      <Filter>Manager</Filter>
    </ClInclude>
    <ClInclude Include="Test.h">
      <Filter>Header Files</Filter>
    </ClInclude>
    <ClInclude Include="Actor.h">
      <Filter>Actor</Filter>
    </ClInclude>
    <ClInclude Include="Renderer.h">
      <Filter>Actor\Component</Filter>
    </ClInclude>
    <ClInclude Include="Camera.h">
      <Filter>Actor</Filter>
    </ClInclude>
    <ClInclude Include="Transform.h">
      <Filter>Actor\Component</Filter>
    </ClInclude>
  </ItemGroup>
  <ItemGroup>
    <None Include="cpp.hint" />
  </ItemGroup>
  <ItemGroup>
    <FxCompile Include="VertexShader.hlsl">
      <Filter>Shader</Filter>
    </FxCompile>
    <FxCompile Include="PixelShader.hlsl">
      <Filter>Shader</Filter>
    </FxCompile>
    <FxCompile Include="VertexMergeShader.hlsl">
      <Filter>Shader\Merge</Filter>
    </FxCompile>
    <FxCompile Include="PixelMergeShader.hlsl">
      <Filter>Shader\Merge</Filter>
    </FxCompile>
  </ItemGroup>
</Project>